{
  "object": {
    "pins": [
      {
        "package": "CommonCell",
        "repositoryURL": "https://github.com/eonist/CommonCell.git",
        "state": {
          "branch": "master",
          "revision": "32105655295f2f37ab301fadd06a5d852737e357",
          "version": null
        }
      },
      {
        "package": "ReusableCell",
        "repositoryURL": "https://github.com/eonist/ReusableCell.git",
        "state": {
          "branch": "master",
          "revision": "1892afdc517e4c8fc74e1f97c92b29030f8292bb",
          "version": null
        }
      },
      {
        "package": "Spatial",
        "repositoryURL": "https://github.com/eonist/Spatial.git",
        "state": {
          "branch": "master",
          "revision": "810bb78b8d6e7f95c8b661eca40873f81e6eeb32",
          "version": null
        }
      },
      {
        "package": "With",
        "repositoryURL": "https://github.com/eonist/With.git",
        "state": {
          "branch": "master",
          "revision": "140cd19586482e8f14a5ce971c675c69f1e4f916",
          "version": null
        }
      }
    ]
  },
  "version": 1
}
