// !$*UTF8*$!
{
	archiveVersion = 1;
	classes = {
	};
	objectVersion = 50;
	objects = {

/* Begin PBXBuildFile section */
		9DABEBF82271CB9600B0144B /* TextCellData.swift in Sources */ = {isa = PBXBuildFile; fileRef = 9DABEBF72271CB9600B0144B /* TextCellData.swift */; };
		9DABEBFC2271CCD200B0144B /* TextCell.swift in Sources */ = {isa = PBXBuildFile; fileRef = 9DABEBFB2271CCD200B0144B /* TextCell.swift */; };
		9DABEBFF2271CD9000B0144B /* TextCell+Create.swift in Sources */ = {isa = PBXBuildFile; fileRef = 9DABEBFE2271CD9000B0144B /* TextCell+Create.swift */; };
		9DABEC012271CDBF00B0144B /* TextCell+Constant.swift in Sources */ = {isa = PBXBuildFile; fileRef = 9DABEC002271CDBF00B0144B /* TextCell+Constant.swift */; };
		9DABEC042271D18D00B0144B /* InputTextCell.swift in Sources */ = {isa = PBXBuildFile; fileRef = 9DABEC032271D18D00B0144B /* InputTextCell.swift */; };
		9DABEC062271DCCD00B0144B /* LeftInputTextCell.swift in Sources */ = {isa = PBXBuildFile; fileRef = 9DABEC052271DCCD00B0144B /* LeftInputTextCell.swift */; };
		9DABEC0A2271DD3F00B0144B /* PasswordTextCell.swift in Sources */ = {isa = PBXBuildFile; fileRef = 9DABEC092271DD3F00B0144B /* PasswordTextCell.swift */; };
		9DABEC0C2271DD5E00B0144B /* DateInputCell.swift in Sources */ = {isa = PBXBuildFile; fileRef = 9DABEC0B2271DD5E00B0144B /* DateInputCell.swift */; };
		9DABEC0E2271DE8800B0144B /* LeftTextCell.swift in Sources */ = {isa = PBXBuildFile; fileRef = 9DABEC0D2271DE8800B0144B /* LeftTextCell.swift */; };
		9DABEC122271F82A00B0144B /* ParentGuideKind.swift in Sources */ = {isa = PBXBuildFile; fileRef = 9DABEC112271F82A00B0144B /* ParentGuideKind.swift */; };
		9DABEC182271FA7200B0144B /* ChildGuideKind.swift in Sources */ = {isa = PBXBuildFile; fileRef = 9DABEC172271FA7200B0144B /* ChildGuideKind.swift */; };
		9DABEC1C2272EFDB00B0144B /* CustomTableView+Create.swift in Sources */ = {isa = PBXBuildFile; fileRef = 9DABEC1B2272EFDB00B0144B /* CustomTableView+Create.swift */; };
		9DABEC1F2272F01100B0144B /* Ruler.swift in Sources */ = {isa = PBXBuildFile; fileRef = 9DABEC1E2272F01100B0144B /* Ruler.swift */; };
		9DABEC2C227323DE00B0144B /* CellDataKind.swift in Sources */ = {isa = PBXBuildFile; fileRef = 9DABEC2B227323DE00B0144B /* CellDataKind.swift */; };
		9DABEC2F2277163C00B0144B /* DetailCell.swift in Sources */ = {isa = PBXBuildFile; fileRef = 9DABEC2E2277163C00B0144B /* DetailCell.swift */; };
		9DABEC3322772C0300B0144B /* DateInputCell+DatePicker.swift in Sources */ = {isa = PBXBuildFile; fileRef = 9DABEC3222772C0300B0144B /* DateInputCell+DatePicker.swift */; };
		9DABEC362277303E00B0144B /* UIImage+Extension.swift in Sources */ = {isa = PBXBuildFile; fileRef = 9DABEC352277303E00B0144B /* UIImage+Extension.swift */; };
		F1BA0333224A921800D1A209 /* AppDelegate.swift in Sources */ = {isa = PBXBuildFile; fileRef = F1BA0332224A921800D1A209 /* AppDelegate.swift */; };
		F1BA0335224A921800D1A209 /* MainVC.swift in Sources */ = {isa = PBXBuildFile; fileRef = F1BA0334224A921800D1A209 /* MainVC.swift */; };
		F1BA033A224A921D00D1A209 /* Assets.xcassets in Resources */ = {isa = PBXBuildFile; fileRef = F1BA0339224A921D00D1A209 /* Assets.xcassets */; };
		F1BA033D224A921D00D1A209 /* LaunchScreen.storyboard in Resources */ = {isa = PBXBuildFile; fileRef = F1BA033B224A921D00D1A209 /* LaunchScreen.storyboard */; };
		F1BA0346224A95BF00D1A209 /* CustomTableView.swift in Sources */ = {isa = PBXBuildFile; fileRef = F1BA0345224A95BF00D1A209 /* CustomTableView.swift */; };
		F1BA0348224A95F200D1A209 /* CustomTableView+Cell.swift in Sources */ = {isa = PBXBuildFile; fileRef = F1BA0347224A95F200D1A209 /* CustomTableView+Cell.swift */; };
		F1BA034A224A962C00D1A209 /* CustomTableView+Interaction.swift in Sources */ = {isa = PBXBuildFile; fileRef = F1BA0349224A962C00D1A209 /* CustomTableView+Interaction.swift */; };
		F1BA034D224A9B3F00D1A209 /* BaseCell.swift in Sources */ = {isa = PBXBuildFile; fileRef = F1BA034C224A9B3F00D1A209 /* BaseCell.swift */; };
		F1BA0354224A9C6A00D1A209 /* Spatial.framework in Frameworks */ = {isa = PBXBuildFile; fileRef = F1BA0352224A9C6900D1A209 /* Spatial.framework */; };
		F1BA0355224A9C6A00D1A209 /* Spatial.framework in Embed Frameworks */ = {isa = PBXBuildFile; fileRef = F1BA0352224A9C6900D1A209 /* Spatial.framework */; settings = {ATTRIBUTES = (CodeSignOnCopy, RemoveHeadersOnCopy, ); }; };
		F1BA0356224A9C6A00D1A209 /* With.framework in Frameworks */ = {isa = PBXBuildFile; fileRef = F1BA0353224A9C6A00D1A209 /* With.framework */; };
		F1BA0357224A9C6A00D1A209 /* With.framework in Embed Frameworks */ = {isa = PBXBuildFile; fileRef = F1BA0353224A9C6A00D1A209 /* With.framework */; settings = {ATTRIBUTES = (CodeSignOnCopy, RemoveHeadersOnCopy, ); }; };
/* End PBXBuildFile section */

/* Begin PBXCopyFilesBuildPhase section */
		F1BA0358224A9C6A00D1A209 /* Embed Frameworks */ = {
			isa = PBXCopyFilesBuildPhase;
			buildActionMask = 2147483647;
			dstPath = "";
			dstSubfolderSpec = 10;
			files = (
				F1BA0357224A9C6A00D1A209 /* With.framework in Embed Frameworks */,
				F1BA0355224A9C6A00D1A209 /* Spatial.framework in Embed Frameworks */,
			);
			name = "Embed Frameworks";
			runOnlyForDeploymentPostprocessing = 0;
		};
/* End PBXCopyFilesBuildPhase section */

/* Begin PBXFileReference section */
		9DABEBF72271CB9600B0144B /* TextCellData.swift */ = {isa = PBXFileReference; lastKnownFileType = sourcecode.swift; path = TextCellData.swift; sourceTree = "<group>"; };
		9DABEBFB2271CCD200B0144B /* TextCell.swift */ = {isa = PBXFileReference; lastKnownFileType = sourcecode.swift; path = TextCell.swift; sourceTree = "<group>"; };
		9DABEBFE2271CD9000B0144B /* TextCell+Create.swift */ = {isa = PBXFileReference; lastKnownFileType = sourcecode.swift; path = "TextCell+Create.swift"; sourceTree = "<group>"; };
		9DABEC002271CDBF00B0144B /* TextCell+Constant.swift */ = {isa = PBXFileReference; lastKnownFileType = sourcecode.swift; path = "TextCell+Constant.swift"; sourceTree = "<group>"; };
		9DABEC032271D18D00B0144B /* InputTextCell.swift */ = {isa = PBXFileReference; lastKnownFileType = sourcecode.swift; path = InputTextCell.swift; sourceTree = "<group>"; };
		9DABEC052271DCCD00B0144B /* LeftInputTextCell.swift */ = {isa = PBXFileReference; lastKnownFileType = sourcecode.swift; path = LeftInputTextCell.swift; sourceTree = "<group>"; };
		9DABEC092271DD3F00B0144B /* PasswordTextCell.swift */ = {isa = PBXFileReference; lastKnownFileType = sourcecode.swift; path = PasswordTextCell.swift; sourceTree = "<group>"; };
		9DABEC0B2271DD5E00B0144B /* DateInputCell.swift */ = {isa = PBXFileReference; lastKnownFileType = sourcecode.swift; path = DateInputCell.swift; sourceTree = "<group>"; };
		9DABEC0D2271DE8800B0144B /* LeftTextCell.swift */ = {isa = PBXFileReference; lastKnownFileType = sourcecode.swift; path = LeftTextCell.swift; sourceTree = "<group>"; };
		9DABEC112271F82A00B0144B /* ParentGuideKind.swift */ = {isa = PBXFileReference; lastKnownFileType = sourcecode.swift; path = ParentGuideKind.swift; sourceTree = "<group>"; };
		9DABEC172271FA7200B0144B /* ChildGuideKind.swift */ = {isa = PBXFileReference; lastKnownFileType = sourcecode.swift; path = ChildGuideKind.swift; sourceTree = "<group>"; };
		9DABEC1B2272EFDB00B0144B /* CustomTableView+Create.swift */ = {isa = PBXFileReference; lastKnownFileType = sourcecode.swift; path = "CustomTableView+Create.swift"; sourceTree = "<group>"; };
		9DABEC1E2272F01100B0144B /* Ruler.swift */ = {isa = PBXFileReference; lastKnownFileType = sourcecode.swift; path = Ruler.swift; sourceTree = "<group>"; };
		9DABEC2B227323DE00B0144B /* CellDataKind.swift */ = {isa = PBXFileReference; fileEncoding = 4; lastKnownFileType = sourcecode.swift; path = CellDataKind.swift; sourceTree = "<group>"; };
		9DABEC2E2277163C00B0144B /* DetailCell.swift */ = {isa = PBXFileReference; lastKnownFileType = sourcecode.swift; path = DetailCell.swift; sourceTree = "<group>"; };
		9DABEC3222772C0300B0144B /* DateInputCell+DatePicker.swift */ = {isa = PBXFileReference; lastKnownFileType = sourcecode.swift; path = "DateInputCell+DatePicker.swift"; sourceTree = "<group>"; };
		9DABEC352277303E00B0144B /* UIImage+Extension.swift */ = {isa = PBXFileReference; lastKnownFileType = sourcecode.swift; path = "UIImage+Extension.swift"; sourceTree = "<group>"; };
		F1BA032F224A921800D1A209 /* CustomTabel.app */ = {isa = PBXFileReference; explicitFileType = wrapper.application; includeInIndex = 0; path = CustomTabel.app; sourceTree = BUILT_PRODUCTS_DIR; };
		F1BA0332224A921800D1A209 /* AppDelegate.swift */ = {isa = PBXFileReference; lastKnownFileType = sourcecode.swift; path = AppDelegate.swift; sourceTree = "<group>"; };
		F1BA0334224A921800D1A209 /* MainVC.swift */ = {isa = PBXFileReference; lastKnownFileType = sourcecode.swift; path = MainVC.swift; sourceTree = "<group>"; };
		F1BA0339224A921D00D1A209 /* Assets.xcassets */ = {isa = PBXFileReference; lastKnownFileType = folder.assetcatalog; path = Assets.xcassets; sourceTree = "<group>"; };
		F1BA033C224A921D00D1A209 /* Base */ = {isa = PBXFileReference; lastKnownFileType = file.storyboard; name = Base; path = Base.lproj/LaunchScreen.storyboard; sourceTree = "<group>"; };
		F1BA033E224A921D00D1A209 /* Info.plist */ = {isa = PBXFileReference; lastKnownFileType = text.plist.xml; path = Info.plist; sourceTree = "<group>"; };
		F1BA0345224A95BF00D1A209 /* CustomTableView.swift */ = {isa = PBXFileReference; lastKnownFileType = sourcecode.swift; path = CustomTableView.swift; sourceTree = "<group>"; };
		F1BA0347224A95F200D1A209 /* CustomTableView+Cell.swift */ = {isa = PBXFileReference; lastKnownFileType = sourcecode.swift; path = "CustomTableView+Cell.swift"; sourceTree = "<group>"; };
		F1BA0349224A962C00D1A209 /* CustomTableView+Interaction.swift */ = {isa = PBXFileReference; lastKnownFileType = sourcecode.swift; path = "CustomTableView+Interaction.swift"; sourceTree = "<group>"; };
		F1BA034C224A9B3F00D1A209 /* BaseCell.swift */ = {isa = PBXFileReference; lastKnownFileType = sourcecode.swift; path = BaseCell.swift; sourceTree = "<group>"; };
		F1BA0352224A9C6900D1A209 /* Spatial.framework */ = {isa = PBXFileReference; lastKnownFileType = wrapper.framework; name = Spatial.framework; path = Carthage/Build/iOS/Spatial.framework; sourceTree = "<group>"; };
		F1BA0353224A9C6A00D1A209 /* With.framework */ = {isa = PBXFileReference; lastKnownFileType = wrapper.framework; name = With.framework; path = Carthage/Build/iOS/With.framework; sourceTree = "<group>"; };
/* End PBXFileReference section */

/* Begin PBXFrameworksBuildPhase section */
		F1BA032C224A921800D1A209 /* Frameworks */ = {
			isa = PBXFrameworksBuildPhase;
			buildActionMask = 2147483647;
			files = (
				F1BA0356224A9C6A00D1A209 /* With.framework in Frameworks */,
				F1BA0354224A9C6A00D1A209 /* Spatial.framework in Frameworks */,
			);
			runOnlyForDeploymentPostprocessing = 0;
		};
/* End PBXFrameworksBuildPhase section */

/* Begin PBXGroup section */
		9DABEBF92271CC7D00B0144B /* protocol */ = {
			isa = PBXGroup;
			children = (
				9DABEBF72271CB9600B0144B /* TextCellData.swift */,
			);
			path = protocol;
			sourceTree = "<group>";
		};
		9DABEBFD2271CD7B00B0144B /* textcell */ = {
			isa = PBXGroup;
			children = (
				9DABEC0D2271DE8800B0144B /* LeftTextCell.swift */,
				9DABEBFB2271CCD200B0144B /* TextCell.swift */,
				9DABEBFE2271CD9000B0144B /* TextCell+Create.swift */,
				9DABEC002271CDBF00B0144B /* TextCell+Constant.swift */,
			);
			path = textcell;
			sourceTree = "<group>";
		};
		9DABEC022271D16900B0144B /* inputtextcell */ = {
			isa = PBXGroup;
			children = (
				9DABEC032271D18D00B0144B /* InputTextCell.swift */,
				9DABEC052271DCCD00B0144B /* LeftInputTextCell.swift */,
				9DABEC092271DD3F00B0144B /* PasswordTextCell.swift */,
			);
			path = inputtextcell;
			sourceTree = "<group>";
		};
		9DABEC102271F81500B0144B /* guide */ = {
			isa = PBXGroup;
			children = (
				9DABEC1E2272F01100B0144B /* Ruler.swift */,
				9DABEC172271FA7200B0144B /* ChildGuideKind.swift */,
				9DABEC112271F82A00B0144B /* ParentGuideKind.swift */,
			);
			path = guide;
			sourceTree = "<group>";
		};
		9DABEC2D227715DB00B0144B /* detailcell */ = {
			isa = PBXGroup;
			children = (
				9DABEC2E2277163C00B0144B /* DetailCell.swift */,
			);
			path = detailcell;
			sourceTree = "<group>";
		};
		9DABEC3122772BE700B0144B /* dateinputcell */ = {
			isa = PBXGroup;
			children = (
				9DABEC0B2271DD5E00B0144B /* DateInputCell.swift */,
				9DABEC3222772C0300B0144B /* DateInputCell+DatePicker.swift */,
			);
			path = dateinputcell;
			sourceTree = "<group>";
		};
		9DABEC3422772F6B00B0144B /* common */ = {
			isa = PBXGroup;
			children = (
				9DABEC352277303E00B0144B /* UIImage+Extension.swift */,
			);
			path = common;
			sourceTree = "<group>";
		};
		F1BA0326224A921800D1A209 = {
			isa = PBXGroup;
			children = (
				F1BA0352224A9C6900D1A209 /* Spatial.framework */,
				F1BA0353224A9C6A00D1A209 /* With.framework */,
				F1BA0331224A921800D1A209 /* CustomTabel */,
				F1BA0330224A921800D1A209 /* Products */,
			);
			sourceTree = "<group>";
		};
		F1BA0330224A921800D1A209 /* Products */ = {
			isa = PBXGroup;
			children = (
				F1BA032F224A921800D1A209 /* CustomTabel.app */,
			);
			name = Products;
			sourceTree = "<group>";
		};
		F1BA0331224A921800D1A209 /* CustomTabel */ = {
			isa = PBXGroup;
			children = (
				F1BA0332224A921800D1A209 /* AppDelegate.swift */,
				F1BA0334224A921800D1A209 /* MainVC.swift */,
				9DABEC3422772F6B00B0144B /* common */,
				F1BA0344224A95AC00D1A209 /* table */,
				F1BA0339224A921D00D1A209 /* Assets.xcassets */,
				F1BA033B224A921D00D1A209 /* LaunchScreen.storyboard */,
				F1BA033E224A921D00D1A209 /* Info.plist */,
			);
			path = CustomTabel;
			sourceTree = "<group>";
		};
		F1BA0344224A95AC00D1A209 /* table */ = {
			isa = PBXGroup;
			children = (
				9DABEC102271F81500B0144B /* guide */,
				F1BA034B224A9B2E00D1A209 /* cell */,
				F1BA0345224A95BF00D1A209 /* CustomTableView.swift */,
				9DABEC1B2272EFDB00B0144B /* CustomTableView+Create.swift */,
				F1BA0349224A962C00D1A209 /* CustomTableView+Interaction.swift */,
				F1BA0347224A95F200D1A209 /* CustomTableView+Cell.swift */,
			);
			path = table;
			sourceTree = "<group>";
		};
		F1BA034B224A9B2E00D1A209 /* cell */ = {
			isa = PBXGroup;
			children = (
				9DABEBF92271CC7D00B0144B /* protocol */,
				9DABEC3122772BE700B0144B /* dateinputcell */,
				9DABEC022271D16900B0144B /* inputtextcell */,
				9DABEBFD2271CD7B00B0144B /* textcell */,
				9DABEC2D227715DB00B0144B /* detailcell */,
				F1BA034C224A9B3F00D1A209 /* BaseCell.swift */,
				9DABEC2B227323DE00B0144B /* CellDataKind.swift */,
			);
			path = cell;
			sourceTree = "<group>";
		};
/* End PBXGroup section */

/* Begin PBXNativeTarget section */
		F1BA032E224A921800D1A209 /* CustomTabel */ = {
			isa = PBXNativeTarget;
			buildConfigurationList = F1BA0341224A921D00D1A209 /* Build configuration list for PBXNativeTarget "CustomTabel" */;
			buildPhases = (
				F1BA032B224A921800D1A209 /* Sources */,
				F1BA032C224A921800D1A209 /* Frameworks */,
				F1BA032D224A921800D1A209 /* Resources */,
				F1BA0358224A9C6A00D1A209 /* Embed Frameworks */,
				9DABEC30227729B000B0144B /* ShellScript */,
			);
			buildRules = (
			);
			dependencies = (
			);
			name = CustomTabel;
			productName = CustomTabel;
			productReference = F1BA032F224A921800D1A209 /* CustomTabel.app */;
			productType = "com.apple.product-type.application";
		};
/* End PBXNativeTarget section */

/* Begin PBXProject section */
		F1BA0327224A921800D1A209 /* Project object */ = {
			isa = PBXProject;
			attributes = {
				LastSwiftUpdateCheck = 1010;
				LastUpgradeCheck = 1010;
				ORGANIZATIONNAME = FutureLab;
				TargetAttributes = {
					F1BA032E224A921800D1A209 = {
						CreatedOnToolsVersion = 10.1;
					};
				};
			};
			buildConfigurationList = F1BA032A224A921800D1A209 /* Build configuration list for PBXProject "CustomTabel" */;
			compatibilityVersion = "Xcode 9.3";
			developmentRegion = en;
			hasScannedForEncodings = 0;
			knownRegions = (
				en,
				Base,
			);
			mainGroup = F1BA0326224A921800D1A209;
			productRefGroup = F1BA0330224A921800D1A209 /* Products */;
			projectDirPath = "";
			projectRoot = "";
			targets = (
				F1BA032E224A921800D1A209 /* CustomTabel */,
			);
		};
/* End PBXProject section */

/* Begin PBXResourcesBuildPhase section */
		F1BA032D224A921800D1A209 /* Resources */ = {
			isa = PBXResourcesBuildPhase;
			buildActionMask = 2147483647;
			files = (
				F1BA033D224A921D00D1A209 /* LaunchScreen.storyboard in Resources */,
				F1BA033A224A921D00D1A209 /* Assets.xcassets in Resources */,
			);
			runOnlyForDeploymentPostprocessing = 0;
		};
/* End PBXResourcesBuildPhase section */

/* Begin PBXShellScriptBuildPhase section */
		9DABEC30227729B000B0144B /* ShellScript */ = {
			isa = PBXShellScriptBuildPhase;
			buildActionMask = 2147483647;
			files = (
			);
			inputFileListPaths = (
			);
			inputPaths = (
			);
			outputFileListPaths = (
			);
			outputPaths = (
			);
			runOnlyForDeploymentPostprocessing = 0;
			shellPath = /bin/sh;
			shellScript = "if which swiftlint >/dev/null; then\nswiftlint\nelse\necho \"warning: SwiftLint not installed, download from https://github.com/realm/SwiftLint\"\nfi\n";
		};
/* End PBXShellScriptBuildPhase section */

/* Begin PBXSourcesBuildPhase section */
		F1BA032B224A921800D1A209 /* Sources */ = {
			isa = PBXSourcesBuildPhase;
			buildActionMask = 2147483647;
			files = (
				F1BA0346224A95BF00D1A209 /* CustomTableView.swift in Sources */,
				F1BA0335224A921800D1A209 /* MainVC.swift in Sources */,
				9DABEBFF2271CD9000B0144B /* TextCell+Create.swift in Sources */,
				9DABEC0E2271DE8800B0144B /* LeftTextCell.swift in Sources */,
				F1BA0348224A95F200D1A209 /* CustomTableView+Cell.swift in Sources */,
				9DABEC2F2277163C00B0144B /* DetailCell.swift in Sources */,
				9DABEC012271CDBF00B0144B /* TextCell+Constant.swift in Sources */,
				F1BA034A224A962C00D1A209 /* CustomTableView+Interaction.swift in Sources */,
				9DABEC1C2272EFDB00B0144B /* CustomTableView+Create.swift in Sources */,
				9DABEC362277303E00B0144B /* UIImage+Extension.swift in Sources */,
				9DABEBFC2271CCD200B0144B /* TextCell.swift in Sources */,
				9DABEC0A2271DD3F00B0144B /* PasswordTextCell.swift in Sources */,
				F1BA034D224A9B3F00D1A209 /* BaseCell.swift in Sources */,
				9DABEC042271D18D00B0144B /* InputTextCell.swift in Sources */,
				9DABEC1F2272F01100B0144B /* Ruler.swift in Sources */,
				9DABEC122271F82A00B0144B /* ParentGuideKind.swift in Sources */,
				9DABEC2C227323DE00B0144B /* CellDataKind.swift in Sources */,
				9DABEC062271DCCD00B0144B /* LeftInputTextCell.swift in Sources */,
				9DABEBF82271CB9600B0144B /* TextCellData.swift in Sources */,
				9DABEC0C2271DD5E00B0144B /* DateInputCell.swift in Sources */,
				F1BA0333224A921800D1A209 /* AppDelegate.swift in Sources */,
				9DABEC3322772C0300B0144B /* DateInputCell+DatePicker.swift in Sources */,
				9DABEC182271FA7200B0144B /* ChildGuideKind.swift in Sources */,
			);
			runOnlyForDeploymentPostprocessing = 0;
		};
/* End PBXSourcesBuildPhase section */

/* Begin PBXVariantGroup section */
		F1BA033B224A921D00D1A209 /* LaunchScreen.storyboard */ = {
			isa = PBXVariantGroup;
			children = (
				F1BA033C224A921D00D1A209 /* Base */,
			);
			name = LaunchScreen.storyboard;
			sourceTree = "<group>";
		};
/* End PBXVariantGroup section */

/* Begin XCBuildConfiguration section */
		F1BA033F224A921D00D1A209 /* Debug */ = {
			isa = XCBuildConfiguration;
			buildSettings = {
				ALWAYS_SEARCH_USER_PATHS = NO;
				CLANG_ANALYZER_NONNULL = YES;
				CLANG_ANALYZER_NUMBER_OBJECT_CONVERSION = YES_AGGRESSIVE;
				CLANG_CXX_LANGUAGE_STANDARD = "gnu++14";
				CLANG_CXX_LIBRARY = "libc++";
				CLANG_ENABLE_MODULES = YES;
				CLANG_ENABLE_OBJC_ARC = YES;
				CLANG_ENABLE_OBJC_WEAK = YES;
				CLANG_WARN_BLOCK_CAPTURE_AUTORELEASING = YES;
				CLANG_WARN_BOOL_CONVERSION = YES;
				CLANG_WARN_COMMA = YES;
				CLANG_WARN_CONSTANT_CONVERSION = YES;
				CLANG_WARN_DEPRECATED_OBJC_IMPLEMENTATIONS = YES;
				CLANG_WARN_DIRECT_OBJC_ISA_USAGE = YES_ERROR;
				CLANG_WARN_DOCUMENTATION_COMMENTS = YES;
				CLANG_WARN_EMPTY_BODY = YES;
				CLANG_WARN_ENUM_CONVERSION = YES;
				CLANG_WARN_INFINITE_RECURSION = YES;
				CLANG_WARN_INT_CONVERSION = YES;
				CLANG_WARN_NON_LITERAL_NULL_CONVERSION = YES;
				CLANG_WARN_OBJC_IMPLICIT_RETAIN_SELF = YES;
				CLANG_WARN_OBJC_LITERAL_CONVERSION = YES;
				CLANG_WARN_OBJC_ROOT_CLASS = YES_ERROR;
				CLANG_WARN_RANGE_LOOP_ANALYSIS = YES;
				CLANG_WARN_STRICT_PROTOTYPES = YES;
				CLANG_WARN_SUSPICIOUS_MOVE = YES;
				CLANG_WARN_UNGUARDED_AVAILABILITY = YES_AGGRESSIVE;
				CLANG_WARN_UNREACHABLE_CODE = YES;
				CLANG_WARN__DUPLICATE_METHOD_MATCH = YES;
				CODE_SIGN_IDENTITY = "iPhone Developer";
				COPY_PHASE_STRIP = NO;
				DEBUG_INFORMATION_FORMAT = dwarf;
				ENABLE_STRICT_OBJC_MSGSEND = YES;
				ENABLE_TESTABILITY = YES;
				GCC_C_LANGUAGE_STANDARD = gnu11;
				GCC_DYNAMIC_NO_PIC = NO;
				GCC_NO_COMMON_BLOCKS = YES;
				GCC_OPTIMIZATION_LEVEL = 0;
				GCC_PREPROCESSOR_DEFINITIONS = (
					"DEBUG=1",
					"$(inherited)",
				);
				GCC_WARN_64_TO_32_BIT_CONVERSION = YES;
				GCC_WARN_ABOUT_RETURN_TYPE = YES_ERROR;
				GCC_WARN_UNDECLARED_SELECTOR = YES;
				GCC_WARN_UNINITIALIZED_AUTOS = YES_AGGRESSIVE;
				GCC_WARN_UNUSED_FUNCTION = YES;
				GCC_WARN_UNUSED_VARIABLE = YES;
				IPHONEOS_DEPLOYMENT_TARGET = 12.1;
				MTL_ENABLE_DEBUG_INFO = INCLUDE_SOURCE;
				MTL_FAST_MATH = YES;
				ONLY_ACTIVE_ARCH = YES;
				SDKROOT = iphoneos;
				SWIFT_ACTIVE_COMPILATION_CONDITIONS = DEBUG;
				SWIFT_OPTIMIZATION_LEVEL = "-Onone";
				SWIFT_VERSION = 5.0;
			};
			name = Debug;
		};
		F1BA0340224A921D00D1A209 /* Release */ = {
			isa = XCBuildConfiguration;
			buildSettings = {
				ALWAYS_SEARCH_USER_PATHS = NO;
				CLANG_ANALYZER_NONNULL = YES;
				CLANG_ANALYZER_NUMBER_OBJECT_CONVERSION = YES_AGGRESSIVE;
				CLANG_CXX_LANGUAGE_STANDARD = "gnu++14";
				CLANG_CXX_LIBRARY = "libc++";
				CLANG_ENABLE_MODULES = YES;
				CLANG_ENABLE_OBJC_ARC = YES;
				CLANG_ENABLE_OBJC_WEAK = YES;
				CLANG_WARN_BLOCK_CAPTURE_AUTORELEASING = YES;
				CLANG_WARN_BOOL_CONVERSION = YES;
				CLANG_WARN_COMMA = YES;
				CLANG_WARN_CONSTANT_CONVERSION = YES;
				CLANG_WARN_DEPRECATED_OBJC_IMPLEMENTATIONS = YES;
				CLANG_WARN_DIRECT_OBJC_ISA_USAGE = YES_ERROR;
				CLANG_WARN_DOCUMENTATION_COMMENTS = YES;
				CLANG_WARN_EMPTY_BODY = YES;
				CLANG_WARN_ENUM_CONVERSION = YES;
				CLANG_WARN_INFINITE_RECURSION = YES;
				CLANG_WARN_INT_CONVERSION = YES;
				CLANG_WARN_NON_LITERAL_NULL_CONVERSION = YES;
				CLANG_WARN_OBJC_IMPLICIT_RETAIN_SELF = YES;
				CLANG_WARN_OBJC_LITERAL_CONVERSION = YES;
				CLANG_WARN_OBJC_ROOT_CLASS = YES_ERROR;
				CLANG_WARN_RANGE_LOOP_ANALYSIS = YES;
				CLANG_WARN_STRICT_PROTOTYPES = YES;
				CLANG_WARN_SUSPICIOUS_MOVE = YES;
				CLANG_WARN_UNGUARDED_AVAILABILITY = YES_AGGRESSIVE;
				CLANG_WARN_UNREACHABLE_CODE = YES;
				CLANG_WARN__DUPLICATE_METHOD_MATCH = YES;
				CODE_SIGN_IDENTITY = "iPhone Developer";
				COPY_PHASE_STRIP = NO;
				DEBUG_INFORMATION_FORMAT = "dwarf-with-dsym";
				ENABLE_NS_ASSERTIONS = NO;
				ENABLE_STRICT_OBJC_MSGSEND = YES;
				GCC_C_LANGUAGE_STANDARD = gnu11;
				GCC_NO_COMMON_BLOCKS = YES;
				GCC_WARN_64_TO_32_BIT_CONVERSION = YES;
				GCC_WARN_ABOUT_RETURN_TYPE = YES_ERROR;
				GCC_WARN_UNDECLARED_SELECTOR = YES;
				GCC_WARN_UNINITIALIZED_AUTOS = YES_AGGRESSIVE;
				GCC_WARN_UNUSED_FUNCTION = YES;
				GCC_WARN_UNUSED_VARIABLE = YES;
				IPHONEOS_DEPLOYMENT_TARGET = 12.1;
				MTL_ENABLE_DEBUG_INFO = NO;
				MTL_FAST_MATH = YES;
				SDKROOT = iphoneos;
				SWIFT_COMPILATION_MODE = wholemodule;
				SWIFT_OPTIMIZATION_LEVEL = "-O";
				SWIFT_VERSION = 5.0;
				VALIDATE_PRODUCT = YES;
			};
			name = Release;
		};
		F1BA0342224A921D00D1A209 /* Debug */ = {
			isa = XCBuildConfiguration;
			buildSettings = {
				ASSETCATALOG_COMPILER_APPICON_NAME = AppIcon;
				CODE_SIGN_STYLE = Automatic;
				FRAMEWORK_SEARCH_PATHS = (
					"$(inherited)",
					"$(PROJECT_DIR)/Carthage/Build/iOS",
				);
				INFOPLIST_FILE = CustomTabel/Info.plist;
				IPHONEOS_DEPLOYMENT_TARGET = 12.2;
				LD_RUNPATH_SEARCH_PATHS = (
					"$(inherited)",
					"@executable_path/Frameworks",
				);
				PRODUCT_BUNDLE_IDENTIFIER = io.github.futurelab.CustomTabel;
				PRODUCT_NAME = "$(TARGET_NAME)";
				SWIFT_VERSION = 5.0;
				TARGETED_DEVICE_FAMILY = "1,2";
			};
			name = Debug;
		};
		F1BA0343224A921D00D1A209 /* Release */ = {
			isa = XCBuildConfiguration;
			buildSettings = {
				ASSETCATALOG_COMPILER_APPICON_NAME = AppIcon;
				CODE_SIGN_STYLE = Automatic;
				FRAMEWORK_SEARCH_PATHS = (
					"$(inherited)",
					"$(PROJECT_DIR)/Carthage/Build/iOS",
				);
				INFOPLIST_FILE = CustomTabel/Info.plist;
				IPHONEOS_DEPLOYMENT_TARGET = 12.2;
				LD_RUNPATH_SEARCH_PATHS = (
					"$(inherited)",
					"@executable_path/Frameworks",
				);
				PRODUCT_BUNDLE_IDENTIFIER = io.github.futurelab.CustomTabel;
				PRODUCT_NAME = "$(TARGET_NAME)";
				SWIFT_VERSION = 5.0;
				TARGETED_DEVICE_FAMILY = "1,2";
			};
			name = Release;
		};
/* End XCBuildConfiguration section */

/* Begin XCConfigurationList section */
		F1BA032A224A921800D1A209 /* Build configuration list for PBXProject "CustomTabel" */ = {
			isa = XCConfigurationList;
			buildConfigurations = (
				F1BA033F224A921D00D1A209 /* Debug */,
				F1BA0340224A921D00D1A209 /* Release */,
			);
			defaultConfigurationIsVisible = 0;
			defaultConfigurationName = Release;
		};
		F1BA0341224A921D00D1A209 /* Build configuration list for PBXNativeTarget "CustomTabel" */ = {
			isa = XCConfigurationList;
			buildConfigurations = (
				F1BA0342224A921D00D1A209 /* Debug */,
				F1BA0343224A921D00D1A209 /* Release */,
			);
			defaultConfigurationIsVisible = 0;
			defaultConfigurationName = Release;
		};
/* End XCConfigurationList section */
	};
	rootObject = F1BA0327224A921800D1A209 /* Project object */;
}
